
Microsoft Visual Studio Solution File, Format Version 12.00
# Visual Studio Version 17
VisualStudioVersion = 17.4.33205.214
MinimumVisualStudioVersion = 10.0.40219.1
Project("{FAE04EC0-301F-11D3-BF4B-00C04F79EFBC}") = "BTVN day 1", "BTVN day 1\BTVN day 1.csproj", "{20CD7306-3D92-4D80-B69C-EB1137229121}"
EndProject
Global
	GlobalSection(SolutionConfigurationPlatforms) = preSolution
		Debug|Any CPU = Debug|Any CPU
		Release|Any CPU = Release|Any CPU
	EndGlobalSection
	GlobalSection(ProjectConfigurationPlatforms) = postSolution
		{20CD7306-3D92-4D80-B69C-EB1137229121}.Debug|Any CPU.ActiveCfg = Debug|Any CPU
		{20CD7306-3D92-4D80-B69C-EB1137229121}.Debug|Any CPU.Build.0 = Debug|Any CPU
		{20CD7306-3D92-4D80-B69C-EB1137229121}.Release|Any CPU.ActiveCfg = Release|Any CPU
		{20CD7306-3D92-4D80-B69C-EB1137229121}.Release|Any CPU.Build.0 = Release|Any CPU
	EndGlobalSection
	GlobalSection(SolutionProperties) = preSolution
		HideSolutionNode = FALSE
	EndGlobalSection
	GlobalSection(ExtensibilityGlobals) = postSolution
		SolutionGuid = {A7FB6184-41F5-415C-AE77-82CB7481E15C}
	EndGlobalSection
EndGlobal
